dependencies:
  espressif/usb_host_hid:
    component_hash: a6c5366f9b6d80b0d5f56d085d62941464512e0968b96c5877e76a80fcc23f13
    dependencies:
    - name: idf
      require: private
      version: '>=5.0'
    - name: espressif/usb
      registry_url: https://components.espressif.com
      require: public
      rules:
      - if: idf_version >=6.0
      - if: target not in ["linux"]
      version: ^1.0.0
    source:
      registry_url: https://components.espressif.com/
      type: service
    targets:
    - esp32s2
    - esp32s3
    - esp32p4
    - esp32h4
    - esp32s31
    - linux
    version: 1.2.0
  idf:
    source:
      type: idf
    version: 5.3.5
direct_dependencies:
- espressif/usb_host_hid
manifest_hash: 3f0d0dd25700460bfe74311e77f73192af636022a66ce2fe9739c654bb0579e7
target: esp32s3
version: 2.0.0
